{
  "name": "twc-site-nl",
  "lockfileVersion": 3,
  "requires": true,
  "packages": {
    "": {
      "name": "twc-site-nl",
      "devDependencies": {
        "@shopify/prettier-plugin-liquid": "^1.6.1",
        "husky": "^9.1.7",
        "prettier": "^3.4.1"
      }
    },
    "node_modules/@shopify/liquid-html-parser": {
      "version": "2.1.1",
      "resolved": "https://registry.npmjs.org/@shopify/liquid-html-parser/-/liquid-html-parser-2.1.1.tgz",
      "integrity": "sha512-5shGZTB7tK28MzawqBb82n6fbn+77U6al5UrOcUruBUj3GNqHJWjzZVPtXq4fQHrFpXFu6l11x+z+ggdUHT0Ng==",
      "dev": true,
      "license": "MIT",
      "dependencies": {
        "line-column": "^1.0.2",
        "ohm-js": "^16.3.0"
      }
    },
    "node_modules/@shopify/prettier-plugin-liquid": {
      "version": "1.6.1",
      "resolved": "https://registry.npmjs.org/@shopify/prettier-plugin-liquid/-/prettier-plugin-liquid-1.6.1.tgz",
      "integrity": "sha512-l72sIdCF/GvRsGe3t3rbr0sEIg65Q83yamVoTDjsi9VhXbZJTnrIo/ZSe2dJJFOch61n8zi3tWM9jPjbzEblmA==",
      "dev": true,
      "license": "MIT",
      "dependencies": {
        "@shopify/liquid-html-parser": "^2.1.1",
        "html-styles": "^1.0.0"
      },
      "peerDependencies": {
        "prettier": "^2.0.0 || ^3.0.0"
      }
    },
    "node_modules/html-styles": {
      "version": "1.0.0",
      "dev": true,
      "license": "MIT"
    },
    "node_modules/husky": {
      "version": "9.1.7",
      "resolved": "https://registry.npmjs.org/husky/-/husky-9.1.7.tgz",
      "integrity": "sha512-5gs5ytaNjBrh5Ow3zrvdUUY+0VxIuWVL4i9irt6friV+BqdCfmV11CQTWMiBYWHbXhco+J1kHfTOUkePhCDvMA==",
      "dev": true,
      "license": "MIT",
      "bin": {
        "husky": "bin.js"
      },
      "engines": {
        "node": ">=18"
      },
      "funding": {
        "url": "https://github.com/sponsors/typicode"
      }
    },
    "node_modules/isarray": {
      "version": "1.0.0",
      "resolved": "https://registry.npmjs.org/isarray/-/isarray-1.0.0.tgz",
      "integrity": "sha512-VLghIWNM6ELQzo7zwmcg0NmTVyWKYjvIeM83yjp0wRDTmUnrM678fQbcKBo6n2CJEF0szoG//ytg+TKla89ALQ==",
      "dev": true,
      "license": "MIT"
    },
    "node_modules/isobject": {
      "version": "2.1.0",
      "resolved": "https://registry.npmjs.org/isobject/-/isobject-2.1.0.tgz",
      "integrity": "sha512-+OUdGJlgjOBZDfxnDjYYG6zp487z0JGNQq3cYQYg5f5hKR+syHMsaztzGeml/4kGG55CSpKSpWTY+jYGgsHLgA==",
      "dev": true,
      "license": "MIT",
      "dependencies": {
        "isarray": "1.0.0"
      },
      "engines": {
        "node": ">=0.10.0"
      }
    },
    "node_modules/line-column": {
      "version": "1.0.2",
      "resolved": "https://registry.npmjs.org/line-column/-/line-column-1.0.2.tgz",
      "integrity": "sha512-Ktrjk5noGYlHsVnYWh62FLVs4hTb8A3e+vucNZMgPeAOITdshMSgv4cCZQeRDjm7+goqmo6+liZwTXo+U3sVww==",
      "dev": true,
      "license": "MIT",
      "dependencies": {
        "isarray": "^1.0.0",
        "isobject": "^2.0.0"
      }
    },
    "node_modules/ohm-js": {
      "version": "16.6.0",
      "resolved": "https://registry.npmjs.org/ohm-js/-/ohm-js-16.6.0.tgz",
      "integrity": "sha512-X9P4koSGa7swgVQ0gt71UCYtkAQGOjciJPJAz74kDxWt8nXbH5HrDOQG6qBDH7SR40ktNv4x61BwpTDE9q4lRA==",
      "dev": true,
      "license": "MIT",
      "engines": {
        "node": ">=0.12.1"
      }
    },
    "node_modules/prettier": {
      "version": "3.4.1",
      "resolved": "https://registry.npmjs.org/prettier/-/prettier-3.4.1.tgz",
      "integrity": "sha512-G+YdqtITVZmOJje6QkXQWzl3fSfMxFwm1tjTyo9exhkmWSqC4Yhd1+lug++IlR2mvRVAxEDDWYkQdeSztajqgg==",
      "dev": true,
      "license": "MIT",
      "bin": {
        "prettier": "bin/prettier.cjs"
      },
      "engines": {
        "node": ">=14"
      },
      "funding": {
        "url": "https://github.com/prettier/prettier?sponsor=1"
      }
    }
  }
}
