{
  "name": "twc-site-nl",
  "lockfileVersion": 3,
  "requires": true,
  "packages": {
    "": {
      "name": "twc-site-nl",
      "devDependencies": {
        "@shopify/prettier-plugin-liquid": "^1.5.0",
        "husky": "^9.0.11",
        "prettier": "^3.3.2"
      }
    },
    "node_modules/@shopify/liquid-html-parser": {
      "version": "2.0.3",
      "dev": true,
      "license": "MIT",
      "dependencies": {
        "line-column": "^1.0.2",
        "ohm-js": "^16.3.0"
      }
    },
    "node_modules/@shopify/prettier-plugin-liquid": {
      "version": "1.5.0",
      "dev": true,
      "license": "MIT",
      "dependencies": {
        "@shopify/liquid-html-parser": "^2.0.3",
        "html-styles": "^1.0.0"
      },
      "peerDependencies": {
        "prettier": "^2.0.0 || ^3.0.0"
      }
    },
    "node_modules/html-styles": {
      "version": "1.0.0",
      "dev": true,
      "license": "MIT"
    },
    "node_modules/husky": {
      "version": "9.0.11",
      "dev": true,
      "license": "MIT",
      "bin": {
        "husky": "bin.mjs"
      },
      "engines": {
        "node": ">=18"
      },
      "funding": {
        "url": "https://github.com/sponsors/typicode"
      }
    },
    "node_modules/isarray": {
      "version": "1.0.0",
      "dev": true,
      "license": "MIT"
    },
    "node_modules/isobject": {
      "version": "2.1.0",
      "dev": true,
      "license": "MIT",
      "dependencies": {
        "isarray": "1.0.0"
      },
      "engines": {
        "node": ">=0.10.0"
      }
    },
    "node_modules/line-column": {
      "version": "1.0.2",
      "dev": true,
      "license": "MIT",
      "dependencies": {
        "isarray": "^1.0.0",
        "isobject": "^2.0.0"
      }
    },
    "node_modules/ohm-js": {
      "version": "16.6.0",
      "dev": true,
      "license": "MIT",
      "engines": {
        "node": ">=0.12.1"
      }
    },
    "node_modules/prettier": {
      "version": "3.3.2",
      "dev": true,
      "license": "MIT",
      "bin": {
        "prettier": "bin/prettier.cjs"
      },
      "engines": {
        "node": ">=14"
      },
      "funding": {
        "url": "https://github.com/prettier/prettier?sponsor=1"
      }
    }
  }
}
